
Microsoft Visual Studio Solution File, Format Version 12.00
# Visual Studio 15
VisualStudioVersion = 15.0.26730.8
MinimumVisualStudioVersion = 10.0.40219.1
Project("{8BC9CEB8-8B4A-11D0-8D11-00A0C91BC942}") = "PS_acmicpc_net", "PS_acmicpc_net\PS_acmicpc_net.vcxproj", "{D0A97E2F-0E9A-455B-AD3F-57696ACDEB89}"
EndProject
Global
	GlobalSection(SolutionConfigurationPlatforms) = preSolution
		Debug|x64 = Debug|x64
		Debug|x86 = Debug|x86
		Release|x64 = Release|x64
		Release|x86 = Release|x86
	EndGlobalSection
	GlobalSection(ProjectConfigurationPlatforms) = postSolution
		{D0A97E2F-0E9A-455B-AD3F-57696ACDEB89}.Debug|x64.ActiveCfg = Debug|x64
		{D0A97E2F-0E9A-455B-AD3F-57696ACDEB89}.Debug|x64.Build.0 = Debug|x64
		{D0A97E2F-0E9A-455B-AD3F-57696ACDEB89}.Debug|x86.ActiveCfg = Debug|Win32
		{D0A97E2F-0E9A-455B-AD3F-57696ACDEB89}.Debug|x86.Build.0 = Debug|Win32
		{D0A97E2F-0E9A-455B-AD3F-57696ACDEB89}.Release|x64.ActiveCfg = Release|x64
		{D0A97E2F-0E9A-455B-AD3F-57696ACDEB89}.Release|x64.Build.0 = Release|x64
		{D0A97E2F-0E9A-455B-AD3F-57696ACDEB89}.Release|x86.ActiveCfg = Release|Win32
		{D0A97E2F-0E9A-455B-AD3F-57696ACDEB89}.Release|x86.Build.0 = Release|Win32
	EndGlobalSection
	GlobalSection(SolutionProperties) = preSolution
		HideSolutionNode = FALSE
	EndGlobalSection
	GlobalSection(ExtensibilityGlobals) = postSolution
		SolutionGuid = {9AA77A34-B478-40D0-B141-ECA4EC811E41}
	EndGlobalSection
EndGlobal
